
Microsoft Visual Studio Solution File, Format Version 12.00
# Visual Studio Version 17
VisualStudioVersion = 17.0.31919.166
MinimumVisualStudioVersion = 10.0.40219.1
Project("{9A19103F-16F7-4668-BE54-9A1E7A4F7556}") = "Funda.Client", "Funda.Client\Funda.Client.csproj", "{A44EB14B-ADA5-4EDF-A57D-E897F6BAF7D6}"
EndProject
Global
	GlobalSection(SolutionConfigurationPlatforms) = preSolution
		Debug|Any CPU = Debug|Any CPU
		Release|Any CPU = Release|Any CPU
	EndGlobalSection
	GlobalSection(ProjectConfigurationPlatforms) = postSolution
		{A44EB14B-ADA5-4EDF-A57D-E897F6BAF7D6}.Debug|Any CPU.ActiveCfg = Debug|Any CPU
		{A44EB14B-ADA5-4EDF-A57D-E897F6BAF7D6}.Debug|Any CPU.Build.0 = Debug|Any CPU
		{A44EB14B-ADA5-4EDF-A57D-E897F6BAF7D6}.Release|Any CPU.ActiveCfg = Release|Any CPU
		{A44EB14B-ADA5-4EDF-A57D-E897F6BAF7D6}.Release|Any CPU.Build.0 = Release|Any CPU
	EndGlobalSection
	GlobalSection(SolutionProperties) = preSolution
		HideSolutionNode = FALSE
	EndGlobalSection
	GlobalSection(ExtensibilityGlobals) = postSolution
		SolutionGuid = {8A40960B-0C0C-452A-8282-01D9164DABF7}
	EndGlobalSection
EndGlobal
